
Microsoft Visual Studio Solution File, Format Version 12.00
Project("{FAE04EC0-301F-11D3-BF4B-00C04F79EFBC}") = "NFLDepthChartManager", "NFLDepthChartManager\NFLDepthChartManager.csproj", "{36D214DB-46BA-414C-A876-4A38D666116B}"
EndProject
Project("{FAE04EC0-301F-11D3-BF4B-00C04F79EFBC}") = "NFLDepthChartManager.Tests", "NFLDepthChartManager.Tests\NFLDepthChartManager.Tests.csproj", "{43C9B98C-E66C-43A2-9B55-0C7E8B4A8B25}"
EndProject
Global
	GlobalSection(SolutionConfigurationPlatforms) = preSolution
		Debug|Any CPU = Debug|Any CPU
		Release|Any CPU = Release|Any CPU
	EndGlobalSection
	GlobalSection(ProjectConfigurationPlatforms) = postSolution
		{36D214DB-46BA-414C-A876-4A38D666116B}.Debug|Any CPU.ActiveCfg = Debug|Any CPU
		{36D214DB-46BA-414C-A876-4A38D666116B}.Debug|Any CPU.Build.0 = Debug|Any CPU
		{36D214DB-46BA-414C-A876-4A38D666116B}.Release|Any CPU.ActiveCfg = Release|Any CPU
		{36D214DB-46BA-414C-A876-4A38D666116B}.Release|Any CPU.Build.0 = Release|Any CPU
		{43C9B98C-E66C-43A2-9B55-0C7E8B4A8B25}.Debug|Any CPU.ActiveCfg = Debug|Any CPU
		{43C9B98C-E66C-43A2-9B55-0C7E8B4A8B25}.Debug|Any CPU.Build.0 = Debug|Any CPU
		{43C9B98C-E66C-43A2-9B55-0C7E8B4A8B25}.Release|Any CPU.ActiveCfg = Release|Any CPU
		{43C9B98C-E66C-43A2-9B55-0C7E8B4A8B25}.Release|Any CPU.Build.0 = Release|Any CPU
	EndGlobalSection
EndGlobal
